
Microsoft Visual Studio Solution File, Format Version 12.00
# Visual Studio 15
VisualStudioVersion = 15.0.27130.2036
MinimumVisualStudioVersion = 10.0.40219.1
Project("{FAE04EC0-301F-11D3-BF4B-00C04F79EFBC}") = "ThreadCircleBuffer", "ThreadCircleBuffer\ThreadCircleBuffer.csproj", "{7EC51D67-F495-418C-B919-0915DF0BAD88}"
EndProject
Project("{FAE04EC0-301F-11D3-BF4B-00C04F79EFBC}") = "ThreadBufferTest", "ThreadBufferTest\ThreadBufferTest.csproj", "{3A0C059F-6B7E-47A4-93CA-9197A22EF58B}"
EndProject
Global
	GlobalSection(SolutionConfigurationPlatforms) = preSolution
		Debug|Any CPU = Debug|Any CPU
		Release|Any CPU = Release|Any CPU
	EndGlobalSection
	GlobalSection(ProjectConfigurationPlatforms) = postSolution
		{7EC51D67-F495-418C-B919-0915DF0BAD88}.Debug|Any CPU.ActiveCfg = Debug|Any CPU
		{7EC51D67-F495-418C-B919-0915DF0BAD88}.Debug|Any CPU.Build.0 = Debug|Any CPU
		{7EC51D67-F495-418C-B919-0915DF0BAD88}.Release|Any CPU.ActiveCfg = Release|Any CPU
		{7EC51D67-F495-418C-B919-0915DF0BAD88}.Release|Any CPU.Build.0 = Release|Any CPU
		{3A0C059F-6B7E-47A4-93CA-9197A22EF58B}.Debug|Any CPU.ActiveCfg = Debug|Any CPU
		{3A0C059F-6B7E-47A4-93CA-9197A22EF58B}.Debug|Any CPU.Build.0 = Debug|Any CPU
		{3A0C059F-6B7E-47A4-93CA-9197A22EF58B}.Release|Any CPU.ActiveCfg = Release|Any CPU
		{3A0C059F-6B7E-47A4-93CA-9197A22EF58B}.Release|Any CPU.Build.0 = Release|Any CPU
	EndGlobalSection
	GlobalSection(SolutionProperties) = preSolution
		HideSolutionNode = FALSE
	EndGlobalSection
	GlobalSection(ExtensibilityGlobals) = postSolution
		SolutionGuid = {51FDCEFD-4DE2-413C-9AF0-EA5927AF4F72}
	EndGlobalSection
EndGlobal
